
Microsoft Visual Studio Solution File, Format Version 12.00
# Visual Studio Version 17
VisualStudioVersion = 17.1.31903.286
MinimumVisualStudioVersion = 10.0.40219.1
Project("{9A19103F-16F7-4668-BE54-9A1E7A4F7556}") = "CadastralViewer", "CadastralViewer\CadastralViewer.csproj", "{ED4426DC-F776-4A93-A89C-FCB5FBA3CEFA}"
EndProject
Project("{FAE04EC0-301F-11D3-BF4B-00C04F79EFBC}") = "CadastralViewerTests", "CadastralViewerTests\CadastralViewerTests.csproj", "{C30B648D-2649-4030-86A5-79E5E3323A15}"
EndProject
Global
	GlobalSection(SolutionConfigurationPlatforms) = preSolution
		Debug|Any CPU = Debug|Any CPU
		Release|Any CPU = Release|Any CPU
	EndGlobalSection
	GlobalSection(ProjectConfigurationPlatforms) = postSolution
		{ED4426DC-F776-4A93-A89C-FCB5FBA3CEFA}.Debug|Any CPU.ActiveCfg = Debug|Any CPU
		{ED4426DC-F776-4A93-A89C-FCB5FBA3CEFA}.Debug|Any CPU.Build.0 = Debug|Any CPU
		{ED4426DC-F776-4A93-A89C-FCB5FBA3CEFA}.Release|Any CPU.ActiveCfg = Release|Any CPU
		{ED4426DC-F776-4A93-A89C-FCB5FBA3CEFA}.Release|Any CPU.Build.0 = Release|Any CPU
		{C30B648D-2649-4030-86A5-79E5E3323A15}.Debug|Any CPU.ActiveCfg = Debug|Any CPU
		{C30B648D-2649-4030-86A5-79E5E3323A15}.Debug|Any CPU.Build.0 = Debug|Any CPU
		{C30B648D-2649-4030-86A5-79E5E3323A15}.Release|Any CPU.ActiveCfg = Release|Any CPU
		{C30B648D-2649-4030-86A5-79E5E3323A15}.Release|Any CPU.Build.0 = Release|Any CPU
	EndGlobalSection
	GlobalSection(SolutionProperties) = preSolution
		HideSolutionNode = FALSE
	EndGlobalSection
	GlobalSection(ExtensibilityGlobals) = postSolution
		SolutionGuid = {BE04E3B5-F4CD-44C6-A2F8-CAB9587E8AF6}
	EndGlobalSection
EndGlobal
